
Microsoft Visual Studio Solution File, Format Version 12.00
# Visual Studio Version 17
VisualStudioVersion = 17.3.32819.101
MinimumVisualStudioVersion = 10.0.40219.1
Project("{FAE04EC0-301F-11D3-BF4B-00C04F79EFBC}") = "Trabajo de programación (1)", "Trabajo de programación (1).csproj", "{583C57C0-35B9-4D73-A96F-CAED016A1B5B}"
EndProject
Global
	GlobalSection(SolutionConfigurationPlatforms) = preSolution
		Debug|Any CPU = Debug|Any CPU
		Release|Any CPU = Release|Any CPU
	EndGlobalSection
	GlobalSection(ProjectConfigurationPlatforms) = postSolution
		{583C57C0-35B9-4D73-A96F-CAED016A1B5B}.Debug|Any CPU.ActiveCfg = Debug|Any CPU
		{583C57C0-35B9-4D73-A96F-CAED016A1B5B}.Debug|Any CPU.Build.0 = Debug|Any CPU
		{583C57C0-35B9-4D73-A96F-CAED016A1B5B}.Release|Any CPU.ActiveCfg = Release|Any CPU
		{583C57C0-35B9-4D73-A96F-CAED016A1B5B}.Release|Any CPU.Build.0 = Release|Any CPU
	EndGlobalSection
	GlobalSection(SolutionProperties) = preSolution
		HideSolutionNode = FALSE
	EndGlobalSection
	GlobalSection(ExtensibilityGlobals) = postSolution
		SolutionGuid = {E121742A-BA80-43F1-92D0-36D6B885FC60}
	EndGlobalSection
EndGlobal
