
Microsoft Visual Studio Solution File, Format Version 12.00
# Visual Studio Version 17
VisualStudioVersion = 17.3.32819.101
MinimumVisualStudioVersion = 10.0.40219.1
Project("{FAE04EC0-301F-11D3-BF4B-00C04F79EFBC}") = "Trabajo de programación (2)", "Trabajo de programación (2).csproj", "{E19F8702-401F-4EB0-A479-907B4B785C6F}"
EndProject
Global
	GlobalSection(SolutionConfigurationPlatforms) = preSolution
		Debug|Any CPU = Debug|Any CPU
		Release|Any CPU = Release|Any CPU
	EndGlobalSection
	GlobalSection(ProjectConfigurationPlatforms) = postSolution
		{E19F8702-401F-4EB0-A479-907B4B785C6F}.Debug|Any CPU.ActiveCfg = Debug|Any CPU
		{E19F8702-401F-4EB0-A479-907B4B785C6F}.Debug|Any CPU.Build.0 = Debug|Any CPU
		{E19F8702-401F-4EB0-A479-907B4B785C6F}.Release|Any CPU.ActiveCfg = Release|Any CPU
		{E19F8702-401F-4EB0-A479-907B4B785C6F}.Release|Any CPU.Build.0 = Release|Any CPU
	EndGlobalSection
	GlobalSection(SolutionProperties) = preSolution
		HideSolutionNode = FALSE
	EndGlobalSection
	GlobalSection(ExtensibilityGlobals) = postSolution
		SolutionGuid = {5E400243-3660-47FA-B266-94F059CD5B7B}
	EndGlobalSection
EndGlobal
